lockfileVersion: '6.0'

settings:
  autoInstallPeers: true
  excludeLinksFromLockfile: false

devDependencies:
  '@types/bun':
    specifier: ^1.0.12
    version: 1.0.12
  '@types/node':
    specifier: ^20.12.7
    version: 20.12.7
  emsdk:
    specifier: github:emscripten-core/emsdk#3.1.57
    version: github.com/emscripten-core/emsdk/229d83fc706e10a39d4948a804cbbf17225cdda0
  prettier:
    specifier: ^3.2.5
    version: 3.2.5

packages:

  /@types/bun@1.0.12:
    resolution: {integrity: sha512-qPb5FcygbpSS1NDBjWyQCWeI9kKXwSYSR1Enu7yb+gMXgFwGMhlyOvgV/7FGrdvAjlSXWRY6IDepos7k8WzAtQ==}
    dependencies:
      bun-types: 1.0.36
    dev: true

  /@types/node@20.11.30:
    resolution: {integrity: sha512-dHM6ZxwlmuZaRmUPfv1p+KrdD1Dci04FbdEm/9wEMouFqxYoFl5aMkt0VMAUtYRQDyYvD41WJLukhq/ha3YuTw==}
    dependencies:
      undici-types: 5.26.5
    dev: true

  /@types/node@20.12.7:
    resolution: {integrity: sha512-wq0cICSkRLVaf3UGLMGItu/PtdY7oaXaI/RVU+xliKVOtRna3PRY57ZDfztpDL0n11vfymMUnXv8QwYCO7L1wg==}
    dependencies:
      undici-types: 5.26.5
    dev: true

  /@types/ws@8.5.10:
    resolution: {integrity: sha512-vmQSUcfalpIq0R9q7uTo2lXs6eGIpt9wtnLdMv9LVpIjCA/+ufZRozlVoVelIYixx1ugCBKDhn89vnsEGOCx9A==}
    dependencies:
      '@types/node': 20.12.7
    dev: true

  /bun-types@1.0.36:
    resolution: {integrity: sha512-gaIb1SyhB0JZfIEg73/kSFhqolUqJXC68peguhXGwqr27HuvI8nkD0LTIHp/1DY4cNadfXHYgYrZIWX7oEoXlg==}
    dependencies:
      '@types/node': 20.11.30
      '@types/ws': 8.5.10
    dev: true

  /prettier@3.2.5:
    resolution: {integrity: sha512-3/GWa9aOC0YeD7LUfvOG2NiDyhOWRvt1k+rcKhOuYnMY24iiCphgneUfJDyFXd6rZCAnuLBv6UeAULtrhT/F4A==}
    engines: {node: '>=14'}
    hasBin: true
    dev: true

  /undici-types@5.26.5:
    resolution: {integrity: sha512-JlCMO+ehdEIKqlFxk6IfVoAUVmgz7cU7zD/h9XZ0qzeosSHmUJVOzSQvvYSYWXkFXC+IfLKSIffhv0sVZup6pA==}
    dev: true

  github.com/emscripten-core/emsdk/229d83fc706e10a39d4948a804cbbf17225cdda0:
    resolution: {tarball: https://codeload.github.com/emscripten-core/emsdk/tar.gz/229d83fc706e10a39d4948a804cbbf17225cdda0}
    name: emsdk#3.1.57
    version: 0.0.0
    dev: true
